{
  "name": "linkedin-tool-extension",
  "version": "1.0.0",
  "lockfileVersion": 3,
  "requires": true,
  "packages": {
    "": {
      "name": "linkedin-tool-extension",
      "version": "1.0.0",
      "license": "MIT",
      "devDependencies": {},
      "engines": {
        "node": ">=20"
      }
    }
  }
}
